
Microsoft Visual Studio Solution File, Format Version 12.00
# Visual Studio Version 17
VisualStudioVersion = 17.2.32526.322
MinimumVisualStudioVersion = 10.0.40219.1
Project("{9A19103F-16F7-4668-BE54-9A1E7A4F7556}") = "Cst01basics", "Cst01basics\Cst01basics.csproj", "{2378D7D0-16E9-495C-B6C9-FDE8D9B141A7}"
EndProject
Project("{9A19103F-16F7-4668-BE54-9A1E7A4F7556}") = "Cst02Types", "Cst02Types\Cst02Types.csproj", "{54090760-F1AD-4BCC-B3D2-6613973E2C37}"
EndProject
Project("{9A19103F-16F7-4668-BE54-9A1E7A4F7556}") = "Cst03Enum", "Cst03Enum\Cst03Enum.csproj", "{18A6A95B-B8AD-4ACC-9F5D-F86AC508EA47}"
EndProject
Project("{9A19103F-16F7-4668-BE54-9A1E7A4F7556}") = "Cst04Array", "Cst04Array\Cst04Array.csproj", "{6E684FF3-18F1-4702-A30C-7566485A010B}"
EndProject
Project("{9A19103F-16F7-4668-BE54-9A1E7A4F7556}") = "Cst05objects", "Cst05objects\Cst05objects.csproj", "{9A3EFEED-DD92-4F57-8A36-5FE740B36CDA}"
EndProject
Project("{FAE04EC0-301F-11D3-BF4B-00C04F79EFBC}") = "Csc01arrayMethods", "Csc01arrayMethods\Csc01arrayMethods.csproj", "{2F95CED6-B655-4849-AE72-3944F397C568}"
EndProject
Project("{FAE04EC0-301F-11D3-BF4B-00C04F79EFBC}") = "Csc02properties_knights", "Csc02properties_knights\Csc02properties_knights.csproj", "{EC22B898-7396-4118-8726-035E8DD379A9}"
EndProject
Global
	GlobalSection(SolutionConfigurationPlatforms) = preSolution
		Debug|Any CPU = Debug|Any CPU
		Release|Any CPU = Release|Any CPU
	EndGlobalSection
	GlobalSection(ProjectConfigurationPlatforms) = postSolution
		{2378D7D0-16E9-495C-B6C9-FDE8D9B141A7}.Debug|Any CPU.ActiveCfg = Debug|Any CPU
		{2378D7D0-16E9-495C-B6C9-FDE8D9B141A7}.Debug|Any CPU.Build.0 = Debug|Any CPU
		{2378D7D0-16E9-495C-B6C9-FDE8D9B141A7}.Release|Any CPU.ActiveCfg = Release|Any CPU
		{2378D7D0-16E9-495C-B6C9-FDE8D9B141A7}.Release|Any CPU.Build.0 = Release|Any CPU
		{54090760-F1AD-4BCC-B3D2-6613973E2C37}.Debug|Any CPU.ActiveCfg = Debug|Any CPU
		{54090760-F1AD-4BCC-B3D2-6613973E2C37}.Debug|Any CPU.Build.0 = Debug|Any CPU
		{54090760-F1AD-4BCC-B3D2-6613973E2C37}.Release|Any CPU.ActiveCfg = Release|Any CPU
		{54090760-F1AD-4BCC-B3D2-6613973E2C37}.Release|Any CPU.Build.0 = Release|Any CPU
		{18A6A95B-B8AD-4ACC-9F5D-F86AC508EA47}.Debug|Any CPU.ActiveCfg = Debug|Any CPU
		{18A6A95B-B8AD-4ACC-9F5D-F86AC508EA47}.Debug|Any CPU.Build.0 = Debug|Any CPU
		{18A6A95B-B8AD-4ACC-9F5D-F86AC508EA47}.Release|Any CPU.ActiveCfg = Release|Any CPU
		{18A6A95B-B8AD-4ACC-9F5D-F86AC508EA47}.Release|Any CPU.Build.0 = Release|Any CPU
		{6E684FF3-18F1-4702-A30C-7566485A010B}.Debug|Any CPU.ActiveCfg = Debug|Any CPU
		{6E684FF3-18F1-4702-A30C-7566485A010B}.Debug|Any CPU.Build.0 = Debug|Any CPU
		{6E684FF3-18F1-4702-A30C-7566485A010B}.Release|Any CPU.ActiveCfg = Release|Any CPU
		{6E684FF3-18F1-4702-A30C-7566485A010B}.Release|Any CPU.Build.0 = Release|Any CPU
		{9A3EFEED-DD92-4F57-8A36-5FE740B36CDA}.Debug|Any CPU.ActiveCfg = Debug|Any CPU
		{9A3EFEED-DD92-4F57-8A36-5FE740B36CDA}.Debug|Any CPU.Build.0 = Debug|Any CPU
		{9A3EFEED-DD92-4F57-8A36-5FE740B36CDA}.Release|Any CPU.ActiveCfg = Release|Any CPU
		{9A3EFEED-DD92-4F57-8A36-5FE740B36CDA}.Release|Any CPU.Build.0 = Release|Any CPU
		{2F95CED6-B655-4849-AE72-3944F397C568}.Debug|Any CPU.ActiveCfg = Debug|Any CPU
		{2F95CED6-B655-4849-AE72-3944F397C568}.Debug|Any CPU.Build.0 = Debug|Any CPU
		{2F95CED6-B655-4849-AE72-3944F397C568}.Release|Any CPU.ActiveCfg = Release|Any CPU
		{2F95CED6-B655-4849-AE72-3944F397C568}.Release|Any CPU.Build.0 = Release|Any CPU
		{EC22B898-7396-4118-8726-035E8DD379A9}.Debug|Any CPU.ActiveCfg = Debug|Any CPU
		{EC22B898-7396-4118-8726-035E8DD379A9}.Debug|Any CPU.Build.0 = Debug|Any CPU
		{EC22B898-7396-4118-8726-035E8DD379A9}.Release|Any CPU.ActiveCfg = Release|Any CPU
		{EC22B898-7396-4118-8726-035E8DD379A9}.Release|Any CPU.Build.0 = Release|Any CPU
	EndGlobalSection
	GlobalSection(SolutionProperties) = preSolution
		HideSolutionNode = FALSE
	EndGlobalSection
	GlobalSection(ExtensibilityGlobals) = postSolution
		SolutionGuid = {4440BE6E-D917-4199-98DC-4CD18E4C6A39}
	EndGlobalSection
EndGlobal
